
Microsoft Visual Studio Solution File, Format Version 12.00
# Visual Studio Version 16
VisualStudioVersion = 16.0.30413.136
MinimumVisualStudioVersion = 10.0.40219.1
Project("{888888A0-9F3D-457C-B088-3A5042F75D52}") = "Code4", "Code4.pyproj", "{517D67D0-73BB-440F-96B3-3788BAA1CEE9}"
EndProject
Global
	GlobalSection(SolutionConfigurationPlatforms) = preSolution
		Debug|Any CPU = Debug|Any CPU
		Release|Any CPU = Release|Any CPU
	EndGlobalSection
	GlobalSection(ProjectConfigurationPlatforms) = postSolution
		{517D67D0-73BB-440F-96B3-3788BAA1CEE9}.Debug|Any CPU.ActiveCfg = Debug|Any CPU
		{517D67D0-73BB-440F-96B3-3788BAA1CEE9}.Release|Any CPU.ActiveCfg = Release|Any CPU
	EndGlobalSection
	GlobalSection(SolutionProperties) = preSolution
		HideSolutionNode = FALSE
	EndGlobalSection
	GlobalSection(ExtensibilityGlobals) = postSolution
		SolutionGuid = {48603F84-6E12-465A-99B6-BC6FC82CB824}
	EndGlobalSection
EndGlobal
